
Microsoft Visual Studio Solution File, Format Version 12.00
# Visual Studio 15
VisualStudioVersion = 15.0.26124.0
MinimumVisualStudioVersion = 15.0.26124.0
Project("{2150E333-8FDC-42A3-9474-1A3956D46DE8}") = "business", "business", "{20D10AE4-1B7C-437E-B66D-990D38801FD5}"
EndProject
Project("{FAE04EC0-301F-11D3-BF4B-00C04F79EFBC}") = "StreamMicroservices.Core", "core\StreamMicroservices.Core\StreamMicroservices.Core.csproj", "{D7872538-6609-40B9-B70D-49B4D36DFBC0}"
EndProject
Project("{2150E333-8FDC-42A3-9474-1A3956D46DE8}") = "microservices", "microservices", "{C9F1BC9B-EF2E-4AC4-9AC3-B12A72A63063}"
EndProject
Project("{FAE04EC0-301F-11D3-BF4B-00C04F79EFBC}") = "StreamMicroservices.Catalog", "microservices\StreamMicroservices.Catalog\StreamMicroservices.Catalog.csproj", "{312D0D26-B4E2-4FA5-8DFF-5862A94D7523}"
EndProject
Project("{FAE04EC0-301F-11D3-BF4B-00C04F79EFBC}") = "StreamMicroservices.Identity", "microservices\StreamMicroservices.Identity\StreamMicroservices.Identity.csproj", "{6ED05A09-69D6-45FD-A533-3B9987CAF1EB}"
EndProject
Project("{2150E333-8FDC-42A3-9474-1A3956D46DE8}") = "presentation", "presentation", "{B955BE74-D8A1-4871-991D-A3134F5B6348}"
EndProject
Project("{FAE04EC0-301F-11D3-BF4B-00C04F79EFBC}") = "StreamMicroservices.Web", "StreamMicroservices.Web\StreamMicroservices.Web.csproj", "{80F0938B-2BD7-4F30-AD28-76B70B4BB3DF}"
EndProject
Project("{2150E333-8FDC-42A3-9474-1A3956D46DE8}") = "infrastructure", "infrastructure", "{585F21F1-2840-4954-A717-9354034B4665}"
EndProject
Project("{FAE04EC0-301F-11D3-BF4B-00C04F79EFBC}") = "StreamMicroservices.Infrastructure.EFCore", "StreamMicroservices.Infrastructure.EFCore\StreamMicroservices.Infrastructure.EFCore.csproj", "{5EF7EF9E-BD11-4557-8591-3D8A3D3B517E}"
EndProject
Global
	GlobalSection(SolutionConfigurationPlatforms) = preSolution
		Debug|Any CPU = Debug|Any CPU
		Debug|x64 = Debug|x64
		Debug|x86 = Debug|x86
		Release|Any CPU = Release|Any CPU
		Release|x64 = Release|x64
		Release|x86 = Release|x86
	EndGlobalSection
	GlobalSection(SolutionProperties) = preSolution
		HideSolutionNode = FALSE
	EndGlobalSection
	GlobalSection(ProjectConfigurationPlatforms) = postSolution
		{D7872538-6609-40B9-B70D-49B4D36DFBC0}.Debug|Any CPU.ActiveCfg = Debug|Any CPU
		{D7872538-6609-40B9-B70D-49B4D36DFBC0}.Debug|Any CPU.Build.0 = Debug|Any CPU
		{D7872538-6609-40B9-B70D-49B4D36DFBC0}.Debug|x64.ActiveCfg = Debug|Any CPU
		{D7872538-6609-40B9-B70D-49B4D36DFBC0}.Debug|x64.Build.0 = Debug|Any CPU
		{D7872538-6609-40B9-B70D-49B4D36DFBC0}.Debug|x86.ActiveCfg = Debug|Any CPU
		{D7872538-6609-40B9-B70D-49B4D36DFBC0}.Debug|x86.Build.0 = Debug|Any CPU
		{D7872538-6609-40B9-B70D-49B4D36DFBC0}.Release|Any CPU.ActiveCfg = Release|Any CPU
		{D7872538-6609-40B9-B70D-49B4D36DFBC0}.Release|Any CPU.Build.0 = Release|Any CPU
		{D7872538-6609-40B9-B70D-49B4D36DFBC0}.Release|x64.ActiveCfg = Release|Any CPU
		{D7872538-6609-40B9-B70D-49B4D36DFBC0}.Release|x64.Build.0 = Release|Any CPU
		{D7872538-6609-40B9-B70D-49B4D36DFBC0}.Release|x86.ActiveCfg = Release|Any CPU
		{D7872538-6609-40B9-B70D-49B4D36DFBC0}.Release|x86.Build.0 = Release|Any CPU
		{312D0D26-B4E2-4FA5-8DFF-5862A94D7523}.Debug|Any CPU.ActiveCfg = Debug|Any CPU
		{312D0D26-B4E2-4FA5-8DFF-5862A94D7523}.Debug|Any CPU.Build.0 = Debug|Any CPU
		{312D0D26-B4E2-4FA5-8DFF-5862A94D7523}.Debug|x64.ActiveCfg = Debug|Any CPU
		{312D0D26-B4E2-4FA5-8DFF-5862A94D7523}.Debug|x64.Build.0 = Debug|Any CPU
		{312D0D26-B4E2-4FA5-8DFF-5862A94D7523}.Debug|x86.ActiveCfg = Debug|Any CPU
		{312D0D26-B4E2-4FA5-8DFF-5862A94D7523}.Debug|x86.Build.0 = Debug|Any CPU
		{312D0D26-B4E2-4FA5-8DFF-5862A94D7523}.Release|Any CPU.ActiveCfg = Release|Any CPU
		{312D0D26-B4E2-4FA5-8DFF-5862A94D7523}.Release|Any CPU.Build.0 = Release|Any CPU
		{312D0D26-B4E2-4FA5-8DFF-5862A94D7523}.Release|x64.ActiveCfg = Release|Any CPU
		{312D0D26-B4E2-4FA5-8DFF-5862A94D7523}.Release|x64.Build.0 = Release|Any CPU
		{312D0D26-B4E2-4FA5-8DFF-5862A94D7523}.Release|x86.ActiveCfg = Release|Any CPU
		{312D0D26-B4E2-4FA5-8DFF-5862A94D7523}.Release|x86.Build.0 = Release|Any CPU
		{6ED05A09-69D6-45FD-A533-3B9987CAF1EB}.Debug|Any CPU.ActiveCfg = Debug|Any CPU
		{6ED05A09-69D6-45FD-A533-3B9987CAF1EB}.Debug|Any CPU.Build.0 = Debug|Any CPU
		{6ED05A09-69D6-45FD-A533-3B9987CAF1EB}.Debug|x64.ActiveCfg = Debug|Any CPU
		{6ED05A09-69D6-45FD-A533-3B9987CAF1EB}.Debug|x64.Build.0 = Debug|Any CPU
		{6ED05A09-69D6-45FD-A533-3B9987CAF1EB}.Debug|x86.ActiveCfg = Debug|Any CPU
		{6ED05A09-69D6-45FD-A533-3B9987CAF1EB}.Debug|x86.Build.0 = Debug|Any CPU
		{6ED05A09-69D6-45FD-A533-3B9987CAF1EB}.Release|Any CPU.ActiveCfg = Release|Any CPU
		{6ED05A09-69D6-45FD-A533-3B9987CAF1EB}.Release|Any CPU.Build.0 = Release|Any CPU
		{6ED05A09-69D6-45FD-A533-3B9987CAF1EB}.Release|x64.ActiveCfg = Release|Any CPU
		{6ED05A09-69D6-45FD-A533-3B9987CAF1EB}.Release|x64.Build.0 = Release|Any CPU
		{6ED05A09-69D6-45FD-A533-3B9987CAF1EB}.Release|x86.ActiveCfg = Release|Any CPU
		{6ED05A09-69D6-45FD-A533-3B9987CAF1EB}.Release|x86.Build.0 = Release|Any CPU
		{80F0938B-2BD7-4F30-AD28-76B70B4BB3DF}.Debug|Any CPU.ActiveCfg = Debug|Any CPU
		{80F0938B-2BD7-4F30-AD28-76B70B4BB3DF}.Debug|Any CPU.Build.0 = Debug|Any CPU
		{80F0938B-2BD7-4F30-AD28-76B70B4BB3DF}.Debug|x64.ActiveCfg = Debug|Any CPU
		{80F0938B-2BD7-4F30-AD28-76B70B4BB3DF}.Debug|x64.Build.0 = Debug|Any CPU
		{80F0938B-2BD7-4F30-AD28-76B70B4BB3DF}.Debug|x86.ActiveCfg = Debug|Any CPU
		{80F0938B-2BD7-4F30-AD28-76B70B4BB3DF}.Debug|x86.Build.0 = Debug|Any CPU
		{80F0938B-2BD7-4F30-AD28-76B70B4BB3DF}.Release|Any CPU.ActiveCfg = Release|Any CPU
		{80F0938B-2BD7-4F30-AD28-76B70B4BB3DF}.Release|Any CPU.Build.0 = Release|Any CPU
		{80F0938B-2BD7-4F30-AD28-76B70B4BB3DF}.Release|x64.ActiveCfg = Release|Any CPU
		{80F0938B-2BD7-4F30-AD28-76B70B4BB3DF}.Release|x64.Build.0 = Release|Any CPU
		{80F0938B-2BD7-4F30-AD28-76B70B4BB3DF}.Release|x86.ActiveCfg = Release|Any CPU
		{80F0938B-2BD7-4F30-AD28-76B70B4BB3DF}.Release|x86.Build.0 = Release|Any CPU
		{5EF7EF9E-BD11-4557-8591-3D8A3D3B517E}.Debug|Any CPU.ActiveCfg = Debug|Any CPU
		{5EF7EF9E-BD11-4557-8591-3D8A3D3B517E}.Debug|Any CPU.Build.0 = Debug|Any CPU
		{5EF7EF9E-BD11-4557-8591-3D8A3D3B517E}.Debug|x64.ActiveCfg = Debug|Any CPU
		{5EF7EF9E-BD11-4557-8591-3D8A3D3B517E}.Debug|x64.Build.0 = Debug|Any CPU
		{5EF7EF9E-BD11-4557-8591-3D8A3D3B517E}.Debug|x86.ActiveCfg = Debug|Any CPU
		{5EF7EF9E-BD11-4557-8591-3D8A3D3B517E}.Debug|x86.Build.0 = Debug|Any CPU
		{5EF7EF9E-BD11-4557-8591-3D8A3D3B517E}.Release|Any CPU.ActiveCfg = Release|Any CPU
		{5EF7EF9E-BD11-4557-8591-3D8A3D3B517E}.Release|Any CPU.Build.0 = Release|Any CPU
		{5EF7EF9E-BD11-4557-8591-3D8A3D3B517E}.Release|x64.ActiveCfg = Release|Any CPU
		{5EF7EF9E-BD11-4557-8591-3D8A3D3B517E}.Release|x64.Build.0 = Release|Any CPU
		{5EF7EF9E-BD11-4557-8591-3D8A3D3B517E}.Release|x86.ActiveCfg = Release|Any CPU
		{5EF7EF9E-BD11-4557-8591-3D8A3D3B517E}.Release|x86.Build.0 = Release|Any CPU
	EndGlobalSection
	GlobalSection(NestedProjects) = preSolution
		{D7872538-6609-40B9-B70D-49B4D36DFBC0} = {20D10AE4-1B7C-437E-B66D-990D38801FD5}
		{312D0D26-B4E2-4FA5-8DFF-5862A94D7523} = {C9F1BC9B-EF2E-4AC4-9AC3-B12A72A63063}
		{6ED05A09-69D6-45FD-A533-3B9987CAF1EB} = {C9F1BC9B-EF2E-4AC4-9AC3-B12A72A63063}
		{80F0938B-2BD7-4F30-AD28-76B70B4BB3DF} = {B955BE74-D8A1-4871-991D-A3134F5B6348}
		{5EF7EF9E-BD11-4557-8591-3D8A3D3B517E} = {585F21F1-2840-4954-A717-9354034B4665}
	EndGlobalSection
EndGlobal
